# This file is automatically @generated by Cargo.
# It is not intended for manual editing.
version = 4

[[package]]
name = "abi"
version = "0.1.0"

[[package]]
name = "getargs"
version = "0.5.0"
source = "registry+https://github.com/rust-lang/crates.io-index"
checksum = "084c6b182b01dec54ff12986b9cc8859a9b0d92b074f878c382a4481a070e66e"

[[package]]
name = "linked_list_allocator"
version = "0.10.6"
source = "registry+https://github.com/rust-lang/crates.io-index"
checksum = "2b23ac50abb8261cb38c6e2a7192d3302e0836dac1628f6a93b82b4fad185897"

[[package]]
name = "progs"
version = "0.1.0"
dependencies = [
 "abi",
 "userlib",
]

[[package]]
name = "progs_r12"
version = "0.1.0"
dependencies = [
 "abi",
 "getargs",
 "progs",
 "userlib",
]

[[package]]
name = "progs_r18"
version = "0.1.0"
dependencies = [
 "abi",
 "getargs",
 "progs",
 "progs_r12",
 "userlib",
]

[[package]]
name = "userlib"
version = "0.1.0"
dependencies = [
 "abi",
 "linked_list_allocator",
]
