# This file is automatically @generated by Cargo.
# It is not intended for manual editing.
version = 4

[[package]]
name = "abi"
version = "0.1.0"

[[package]]
name = "progs"
version = "0.1.0"
dependencies = [
 "abi",
 "userlib",
]

[[package]]
name = "progs_r12"
version = "0.1.0"
dependencies = [
 "abi",
 "progs",
 "userlib",
]

[[package]]
name = "userlib"
version = "0.1.0"
dependencies = [
 "abi",
]
