# This file is automatically @generated by Cargo.
# It is not intended for manual editing.
version = 4

[[package]]
name = "hosttests"
version = "0.1.0"
dependencies = [
 "unifont",
]

[[package]]
name = "unifont"
version = "1.1.0+data-15.1.05"
source = "registry+https://github.com/rust-lang/crates.io-index"
checksum = "8eb5abf597aaa6fff19801d6747672f56e618d60002e7191ea92773a5bcae156"
